
Microsoft Visual Studio Solution File, Format Version 12.00
# Visual Studio Version 17
VisualStudioVersion = 17.3.32901.215
MinimumVisualStudioVersion = 10.0.40219.1
Project("{FAE04EC0-301F-11D3-BF4B-00C04F79EFBC}") = "213", "213\213.csproj", "{5AFAC445-D85E-49C0-8660-8056504B8921}"
EndProject
Global
	GlobalSection(SolutionConfigurationPlatforms) = preSolution
		Debug|Any CPU = Debug|Any CPU
		Release|Any CPU = Release|Any CPU
	EndGlobalSection
	GlobalSection(ProjectConfigurationPlatforms) = postSolution
		{5AFAC445-D85E-49C0-8660-8056504B8921}.Debug|Any CPU.ActiveCfg = Debug|Any CPU
		{5AFAC445-D85E-49C0-8660-8056504B8921}.Debug|Any CPU.Build.0 = Debug|Any CPU
		{5AFAC445-D85E-49C0-8660-8056504B8921}.Release|Any CPU.ActiveCfg = Release|Any CPU
		{5AFAC445-D85E-49C0-8660-8056504B8921}.Release|Any CPU.Build.0 = Release|Any CPU
	EndGlobalSection
	GlobalSection(SolutionProperties) = preSolution
		HideSolutionNode = FALSE
	EndGlobalSection
	GlobalSection(ExtensibilityGlobals) = postSolution
		SolutionGuid = {B12E53E6-6073-4712-80AA-EA0AD11D7703}
	EndGlobalSection
EndGlobal
